
Microsoft Visual Studio Solution File, Format Version 12.00
# Visual Studio Version 17
VisualStudioVersion = 17.9.34728.123
MinimumVisualStudioVersion = 10.0.40219.1
Project("{9A19103F-16F7-4668-BE54-9A1E7A4F7556}") = "api_bank", "api_bank.csproj", "{0F578B69-AA5B-4DD7-8DA1-2D4B958BBBEC}"
EndProject
Global
	GlobalSection(SolutionConfigurationPlatforms) = preSolution
		Debug|Any CPU = Debug|Any CPU
		Release|Any CPU = Release|Any CPU
	EndGlobalSection
	GlobalSection(ProjectConfigurationPlatforms) = postSolution
		{0F578B69-AA5B-4DD7-8DA1-2D4B958BBBEC}.Debug|Any CPU.ActiveCfg = Debug|Any CPU
		{0F578B69-AA5B-4DD7-8DA1-2D4B958BBBEC}.Debug|Any CPU.Build.0 = Debug|Any CPU
		{0F578B69-AA5B-4DD7-8DA1-2D4B958BBBEC}.Release|Any CPU.ActiveCfg = Release|Any CPU
		{0F578B69-AA5B-4DD7-8DA1-2D4B958BBBEC}.Release|Any CPU.Build.0 = Release|Any CPU
	EndGlobalSection
	GlobalSection(SolutionProperties) = preSolution
		HideSolutionNode = FALSE
	EndGlobalSection
	GlobalSection(ExtensibilityGlobals) = postSolution
		SolutionGuid = {D81D118A-086E-4D2D-8913-960AB6EE7587}
	EndGlobalSection
EndGlobal
